
Microsoft Visual Studio Solution File, Format Version 12.00
# Visual Studio 15
VisualStudioVersion = 15.0.28307.645
MinimumVisualStudioVersion = 10.0.40219.1
Project("{FAE04EC0-301F-11D3-BF4B-00C04F79EFBC}") = "HealthyHearts", "HealthyHearts\HealthyHearts.csproj", "{DD05802C-18F5-4F0E-9387-F001E56995D5}"
EndProject
Global
	GlobalSection(SolutionConfigurationPlatforms) = preSolution
		Debug|Any CPU = Debug|Any CPU
		Release|Any CPU = Release|Any CPU
	EndGlobalSection
	GlobalSection(ProjectConfigurationPlatforms) = postSolution
		{DD05802C-18F5-4F0E-9387-F001E56995D5}.Debug|Any CPU.ActiveCfg = Debug|Any CPU
		{DD05802C-18F5-4F0E-9387-F001E56995D5}.Debug|Any CPU.Build.0 = Debug|Any CPU
		{DD05802C-18F5-4F0E-9387-F001E56995D5}.Release|Any CPU.ActiveCfg = Release|Any CPU
		{DD05802C-18F5-4F0E-9387-F001E56995D5}.Release|Any CPU.Build.0 = Release|Any CPU
	EndGlobalSection
	GlobalSection(SolutionProperties) = preSolution
		HideSolutionNode = FALSE
	EndGlobalSection
	GlobalSection(ExtensibilityGlobals) = postSolution
		SolutionGuid = {772C0500-5FC0-488C-A89F-B828FB378232}
	EndGlobalSection
EndGlobal
