
Microsoft Visual Studio Solution File, Format Version 12.00
# Visual Studio 15
VisualStudioVersion = 15.0.28307.645
MinimumVisualStudioVersion = 10.0.40219.1
Project("{FAE04EC0-301F-11D3-BF4B-00C04F79EFBC}") = "FlooringOrderingSystem.UI", "FlooringOrderingSystem\FlooringOrderingSystem.UI.csproj", "{CAE56A89-0BF4-42E6-A4FD-2775CE3F8F62}"
EndProject
Project("{FAE04EC0-301F-11D3-BF4B-00C04F79EFBC}") = "FlooringOrderingSystem.BLL", "FlooringOrderingSystem.BLL\FlooringOrderingSystem.BLL.csproj", "{EB47223F-6FD0-441D-98B3-584BD52E762F}"
EndProject
Project("{FAE04EC0-301F-11D3-BF4B-00C04F79EFBC}") = "FlooringOrderingSystem.Models", "FlooringOrderingSystem.Models\FlooringOrderingSystem.Models.csproj", "{BF2CFDD8-5D13-490D-9828-BA0D81DBBC18}"
EndProject
Project("{FAE04EC0-301F-11D3-BF4B-00C04F79EFBC}") = "FlooringOrderingSystem.Data", "FlooringOrderingSystem.Data\FlooringOrderingSystem.Data.csproj", "{714E2743-D81B-4B98-8256-AFA789B51EBC}"
EndProject
Project("{FAE04EC0-301F-11D3-BF4B-00C04F79EFBC}") = "FlooringOrderingSystem.UnitTests", "FlooringOrderingSystem.UnitTests\FlooringOrderingSystem.UnitTests.csproj", "{A1A6A6BE-1095-42B1-86B0-28CD3D020709}"
EndProject
Global
	GlobalSection(SolutionConfigurationPlatforms) = preSolution
		Debug|Any CPU = Debug|Any CPU
		Release|Any CPU = Release|Any CPU
	EndGlobalSection
	GlobalSection(ProjectConfigurationPlatforms) = postSolution
		{CAE56A89-0BF4-42E6-A4FD-2775CE3F8F62}.Debug|Any CPU.ActiveCfg = Debug|Any CPU
		{CAE56A89-0BF4-42E6-A4FD-2775CE3F8F62}.Debug|Any CPU.Build.0 = Debug|Any CPU
		{CAE56A89-0BF4-42E6-A4FD-2775CE3F8F62}.Release|Any CPU.ActiveCfg = Release|Any CPU
		{CAE56A89-0BF4-42E6-A4FD-2775CE3F8F62}.Release|Any CPU.Build.0 = Release|Any CPU
		{EB47223F-6FD0-441D-98B3-584BD52E762F}.Debug|Any CPU.ActiveCfg = Debug|Any CPU
		{EB47223F-6FD0-441D-98B3-584BD52E762F}.Debug|Any CPU.Build.0 = Debug|Any CPU
		{EB47223F-6FD0-441D-98B3-584BD52E762F}.Release|Any CPU.ActiveCfg = Release|Any CPU
		{EB47223F-6FD0-441D-98B3-584BD52E762F}.Release|Any CPU.Build.0 = Release|Any CPU
		{BF2CFDD8-5D13-490D-9828-BA0D81DBBC18}.Debug|Any CPU.ActiveCfg = Debug|Any CPU
		{BF2CFDD8-5D13-490D-9828-BA0D81DBBC18}.Debug|Any CPU.Build.0 = Debug|Any CPU
		{BF2CFDD8-5D13-490D-9828-BA0D81DBBC18}.Release|Any CPU.ActiveCfg = Release|Any CPU
		{BF2CFDD8-5D13-490D-9828-BA0D81DBBC18}.Release|Any CPU.Build.0 = Release|Any CPU
		{714E2743-D81B-4B98-8256-AFA789B51EBC}.Debug|Any CPU.ActiveCfg = Debug|Any CPU
		{714E2743-D81B-4B98-8256-AFA789B51EBC}.Debug|Any CPU.Build.0 = Debug|Any CPU
		{714E2743-D81B-4B98-8256-AFA789B51EBC}.Release|Any CPU.ActiveCfg = Release|Any CPU
		{714E2743-D81B-4B98-8256-AFA789B51EBC}.Release|Any CPU.Build.0 = Release|Any CPU
		{A1A6A6BE-1095-42B1-86B0-28CD3D020709}.Debug|Any CPU.ActiveCfg = Debug|Any CPU
		{A1A6A6BE-1095-42B1-86B0-28CD3D020709}.Debug|Any CPU.Build.0 = Debug|Any CPU
		{A1A6A6BE-1095-42B1-86B0-28CD3D020709}.Release|Any CPU.ActiveCfg = Release|Any CPU
		{A1A6A6BE-1095-42B1-86B0-28CD3D020709}.Release|Any CPU.Build.0 = Release|Any CPU
	EndGlobalSection
	GlobalSection(SolutionProperties) = preSolution
		HideSolutionNode = FALSE
	EndGlobalSection
	GlobalSection(ExtensibilityGlobals) = postSolution
		SolutionGuid = {3CD89BAC-6EEB-4D8C-8D6C-8AD9FE9EAC5D}
	EndGlobalSection
EndGlobal
