
Microsoft Visual Studio Solution File, Format Version 12.00
# Visual Studio 15
VisualStudioVersion = 15.0.28307.645
MinimumVisualStudioVersion = 10.0.40219.1
Project("{FAE04EC0-301F-11D3-BF4B-00C04F79EFBC}") = "DVD_Catalogue", "DVD_Catalogue\DVD_Catalogue.csproj", "{9CDFAF2B-6CB3-43BF-A879-D239C90801EE}"
EndProject
Global
	GlobalSection(SolutionConfigurationPlatforms) = preSolution
		Debug|Any CPU = Debug|Any CPU
		Release|Any CPU = Release|Any CPU
	EndGlobalSection
	GlobalSection(ProjectConfigurationPlatforms) = postSolution
		{9CDFAF2B-6CB3-43BF-A879-D239C90801EE}.Debug|Any CPU.ActiveCfg = Debug|Any CPU
		{9CDFAF2B-6CB3-43BF-A879-D239C90801EE}.Debug|Any CPU.Build.0 = Debug|Any CPU
		{9CDFAF2B-6CB3-43BF-A879-D239C90801EE}.Release|Any CPU.ActiveCfg = Release|Any CPU
		{9CDFAF2B-6CB3-43BF-A879-D239C90801EE}.Release|Any CPU.Build.0 = Release|Any CPU
	EndGlobalSection
	GlobalSection(SolutionProperties) = preSolution
		HideSolutionNode = FALSE
	EndGlobalSection
	GlobalSection(ExtensibilityGlobals) = postSolution
		SolutionGuid = {F3C118C3-555B-4479-BE5B-FB5EC4ABD945}
	EndGlobalSection
EndGlobal
