
Microsoft Visual Studio Solution File, Format Version 12.00
# Visual Studio 15
VisualStudioVersion = 15.0.28307.645
MinimumVisualStudioVersion = 10.0.40219.1
Project("{FAE04EC0-301F-11D3-BF4B-00C04F79EFBC}") = "BookManager.Controllers", "Books.Controllers\BookManager.Controllers.csproj", "{95E96E36-2BD2-45C8-97A4-4628E8885A0C}"
EndProject
Project("{FAE04EC0-301F-11D3-BF4B-00C04F79EFBC}") = "BookManager.Models", "BookManager.Models\BookManager.Models.csproj", "{4D999D4A-A8A9-4323-88F6-6E8A2C3A81F6}"
EndProject
Project("{FAE04EC0-301F-11D3-BF4B-00C04F79EFBC}") = "BookManager.Data", "BookManager.Data\BookManager.Data.csproj", "{6224120D-4917-42FD-A179-EF0144D15DF0}"
EndProject
Project("{FAE04EC0-301F-11D3-BF4B-00C04F79EFBC}") = "BookManager.View", "BookManager.View\BookManager.View.csproj", "{781E35A3-BFA5-42A6-B76E-0D00B7D70BE9}"
EndProject
Project("{FAE04EC0-301F-11D3-BF4B-00C04F79EFBC}") = "BookManager", "BookManager\BookManager.csproj", "{EDFB6BFA-5C88-4070-93A1-5D78FEF475FD}"
EndProject
Global
	GlobalSection(SolutionConfigurationPlatforms) = preSolution
		Debug|Any CPU = Debug|Any CPU
		Release|Any CPU = Release|Any CPU
	EndGlobalSection
	GlobalSection(ProjectConfigurationPlatforms) = postSolution
		{95E96E36-2BD2-45C8-97A4-4628E8885A0C}.Debug|Any CPU.ActiveCfg = Debug|Any CPU
		{95E96E36-2BD2-45C8-97A4-4628E8885A0C}.Debug|Any CPU.Build.0 = Debug|Any CPU
		{95E96E36-2BD2-45C8-97A4-4628E8885A0C}.Release|Any CPU.ActiveCfg = Release|Any CPU
		{95E96E36-2BD2-45C8-97A4-4628E8885A0C}.Release|Any CPU.Build.0 = Release|Any CPU
		{4D999D4A-A8A9-4323-88F6-6E8A2C3A81F6}.Debug|Any CPU.ActiveCfg = Debug|Any CPU
		{4D999D4A-A8A9-4323-88F6-6E8A2C3A81F6}.Debug|Any CPU.Build.0 = Debug|Any CPU
		{4D999D4A-A8A9-4323-88F6-6E8A2C3A81F6}.Release|Any CPU.ActiveCfg = Release|Any CPU
		{4D999D4A-A8A9-4323-88F6-6E8A2C3A81F6}.Release|Any CPU.Build.0 = Release|Any CPU
		{6224120D-4917-42FD-A179-EF0144D15DF0}.Debug|Any CPU.ActiveCfg = Debug|Any CPU
		{6224120D-4917-42FD-A179-EF0144D15DF0}.Debug|Any CPU.Build.0 = Debug|Any CPU
		{6224120D-4917-42FD-A179-EF0144D15DF0}.Release|Any CPU.ActiveCfg = Release|Any CPU
		{6224120D-4917-42FD-A179-EF0144D15DF0}.Release|Any CPU.Build.0 = Release|Any CPU
		{781E35A3-BFA5-42A6-B76E-0D00B7D70BE9}.Debug|Any CPU.ActiveCfg = Debug|Any CPU
		{781E35A3-BFA5-42A6-B76E-0D00B7D70BE9}.Debug|Any CPU.Build.0 = Debug|Any CPU
		{781E35A3-BFA5-42A6-B76E-0D00B7D70BE9}.Release|Any CPU.ActiveCfg = Release|Any CPU
		{781E35A3-BFA5-42A6-B76E-0D00B7D70BE9}.Release|Any CPU.Build.0 = Release|Any CPU
		{EDFB6BFA-5C88-4070-93A1-5D78FEF475FD}.Debug|Any CPU.ActiveCfg = Debug|Any CPU
		{EDFB6BFA-5C88-4070-93A1-5D78FEF475FD}.Debug|Any CPU.Build.0 = Debug|Any CPU
		{EDFB6BFA-5C88-4070-93A1-5D78FEF475FD}.Release|Any CPU.ActiveCfg = Release|Any CPU
		{EDFB6BFA-5C88-4070-93A1-5D78FEF475FD}.Release|Any CPU.Build.0 = Release|Any CPU
	EndGlobalSection
	GlobalSection(SolutionProperties) = preSolution
		HideSolutionNode = FALSE
	EndGlobalSection
	GlobalSection(ExtensibilityGlobals) = postSolution
		SolutionGuid = {70810F6D-4B54-445A-BD8E-EE535A2313B0}
	EndGlobalSection
EndGlobal
